
Microsoft Visual Studio Solution File, Format Version 12.00
# Visual Studio 15
VisualStudioVersion = 15.0.28010.2048
MinimumVisualStudioVersion = 10.0.40219.1
Project("{FAE04EC0-301F-11D3-BF4B-00C04F79EFBC}") = "CarWaleExample", "CarWaleExample\CarWaleExample.csproj", "{30D420FE-F272-4C8F-AC4D-A21D2350DA6E}"
EndProject
Global
	GlobalSection(SolutionConfigurationPlatforms) = preSolution
		Debug|Any CPU = Debug|Any CPU
		Release|Any CPU = Release|Any CPU
	EndGlobalSection
	GlobalSection(ProjectConfigurationPlatforms) = postSolution
		{30D420FE-F272-4C8F-AC4D-A21D2350DA6E}.Debug|Any CPU.ActiveCfg = Debug|Any CPU
		{30D420FE-F272-4C8F-AC4D-A21D2350DA6E}.Debug|Any CPU.Build.0 = Debug|Any CPU
		{30D420FE-F272-4C8F-AC4D-A21D2350DA6E}.Release|Any CPU.ActiveCfg = Release|Any CPU
		{30D420FE-F272-4C8F-AC4D-A21D2350DA6E}.Release|Any CPU.Build.0 = Release|Any CPU
	EndGlobalSection
	GlobalSection(SolutionProperties) = preSolution
		HideSolutionNode = FALSE
	EndGlobalSection
	GlobalSection(ExtensibilityGlobals) = postSolution
		SolutionGuid = {4CDE0B20-9EBC-4C43-B287-9F93B4C36375}
	EndGlobalSection
EndGlobal
